
Microsoft Visual Studio Solution File, Format Version 12.00
# Visual Studio Version 17
VisualStudioVersion = 17.0.31903.59
MinimumVisualStudioVersion = 10.0.40219.1
Project("{2150E333-8FDC-42A3-9474-1A3956D46DE8}") = "tests", "tests", "{48F9BA6C-0744-4DD1-B228-A72586E05E27}"
EndProject
Project("{FAE04EC0-301F-11D3-BF4B-00C04F79EFBC}") = "Matrix.Tests", "tests\Matrix.Tests\Matrix.Tests.csproj", "{F9682DA1-E637-4BE7-8460-0C8036F819CC}"
EndProject
Project("{2150E333-8FDC-42A3-9474-1A3956D46DE8}") = "src", "src", "{D902758D-C69E-4D89-B8FE-9B6A5D8E8BC9}"
EndProject
Project("{FAE04EC0-301F-11D3-BF4B-00C04F79EFBC}") = "Matrix", "src\Matrix\Matrix.csproj", "{76ACFC72-89B0-4A94-8F2A-9C9B4C3FB21A}"
EndProject
Global
	GlobalSection(SolutionConfigurationPlatforms) = preSolution
		Debug|Any CPU = Debug|Any CPU
		Release|Any CPU = Release|Any CPU
	EndGlobalSection
	GlobalSection(SolutionProperties) = preSolution
		HideSolutionNode = FALSE
	EndGlobalSection
	GlobalSection(ProjectConfigurationPlatforms) = postSolution
		{F9682DA1-E637-4BE7-8460-0C8036F819CC}.Debug|Any CPU.ActiveCfg = Debug|Any CPU
		{F9682DA1-E637-4BE7-8460-0C8036F819CC}.Debug|Any CPU.Build.0 = Debug|Any CPU
		{F9682DA1-E637-4BE7-8460-0C8036F819CC}.Release|Any CPU.ActiveCfg = Release|Any CPU
		{F9682DA1-E637-4BE7-8460-0C8036F819CC}.Release|Any CPU.Build.0 = Release|Any CPU
		{76ACFC72-89B0-4A94-8F2A-9C9B4C3FB21A}.Debug|Any CPU.ActiveCfg = Debug|Any CPU
		{76ACFC72-89B0-4A94-8F2A-9C9B4C3FB21A}.Debug|Any CPU.Build.0 = Debug|Any CPU
		{76ACFC72-89B0-4A94-8F2A-9C9B4C3FB21A}.Release|Any CPU.ActiveCfg = Release|Any CPU
		{76ACFC72-89B0-4A94-8F2A-9C9B4C3FB21A}.Release|Any CPU.Build.0 = Release|Any CPU
	EndGlobalSection
	GlobalSection(NestedProjects) = preSolution
		{F9682DA1-E637-4BE7-8460-0C8036F819CC} = {48F9BA6C-0744-4DD1-B228-A72586E05E27}
		{76ACFC72-89B0-4A94-8F2A-9C9B4C3FB21A} = {D902758D-C69E-4D89-B8FE-9B6A5D8E8BC9}
	EndGlobalSection
EndGlobal
